PODS:
  - AEPCore (0.0.1):
    - AEPRulesEngine
    - AEPServices
  - AEPRulesEngine (0.0.1)
  - AEPServices (0.0.1)

DEPENDENCIES:
  - "AEPCore (from `git@github.com:adobe/aepsdk-core-ios.git`, branch `main`)"
  - "AEPRulesEngine (from `git@github.com:adobe/aepsdk-rulesengine-ios.git`, branch `main`)"
  - "AEPServices (from `git@github.com:adobe/aepsdk-core-ios.git`, branch `main`)"

EXTERNAL SOURCES:
  AEPCore:
    :branch: main
    :git: "git@github.com:adobe/aepsdk-core-ios.git"
  AEPRulesEngine:
    :branch: main
    :git: "git@github.com:adobe/aepsdk-rulesengine-ios.git"
  AEPServices:
    :branch: main
    :git: "git@github.com:adobe/aepsdk-core-ios.git"

CHECKOUT OPTIONS:
  AEPCore:
    :commit: 9b6027403e01e6d09ca8a01cd5261ef9602ad215
    :git: "git@github.com:adobe/aepsdk-core-ios.git"
  AEPRulesEngine:
    :commit: b7e2b7d778b07be8fccd6641e8119767bfc26b1f
    :git: "git@github.com:adobe/aepsdk-rulesengine-ios.git"
  AEPServices:
    :commit: 9b6027403e01e6d09ca8a01cd5261ef9602ad215
    :git: "git@github.com:adobe/aepsdk-core-ios.git"

SPEC CHECKSUMS:
  AEPCore: e8ddaae01a787926fde35cfcc24770b26a765e58
  AEPRulesEngine: 5742652bd7ab65aa7325f731725d995947e41db8
  AEPServices: ad642c76cede1c7babb61e6804198ded4317d74f

PODFILE CHECKSUM: aa423656e4b58dad74cda480448b56343f4e3d93

COCOAPODS: 1.9.3
