PODS:
  - AEPCore (0.0.1):
    - AEPServices
    - SwiftRulesEngine
  - AEPServices (0.0.1)
  - SwiftRulesEngine (0.0.1)

DEPENDENCIES:
  - "AEPCore (from `git@github.com:adobe/aepsdk-core-ios.git`, branch `main`)"
  - "AEPServices (from `git@github.com:adobe/aepsdk-core-ios.git`, branch `main`)"
  - "SwiftRulesEngine (from `git@github.com:adobe/aepsdk-rulesengine-ios.git`, branch `dev`)"

EXTERNAL SOURCES:
  AEPCore:
    :branch: main
    :git: "git@github.com:adobe/aepsdk-core-ios.git"
  AEPServices:
    :branch: main
    :git: "git@github.com:adobe/aepsdk-core-ios.git"
  SwiftRulesEngine:
    :branch: dev
    :git: "git@github.com:adobe/aepsdk-rulesengine-ios.git"

CHECKOUT OPTIONS:
  AEPCore:
    :commit: b5b2062ba7a087cae74cf814a918b0b017b5f569
    :git: "git@github.com:adobe/aepsdk-core-ios.git"
  AEPServices:
    :commit: b5b2062ba7a087cae74cf814a918b0b017b5f569
    :git: "git@github.com:adobe/aepsdk-core-ios.git"
  SwiftRulesEngine:
    :commit: ceeb83f5ef6324d60a2431cb7c6520eeb56cd403
    :git: "git@github.com:adobe/aepsdk-rulesengine-ios.git"

SPEC CHECKSUMS:
  AEPCore: 7a49a854b024ebe50f60f4370919304fc48bcf24
  AEPServices: ad642c76cede1c7babb61e6804198ded4317d74f
  SwiftRulesEngine: 5b6727f221618ef9a2c84705d563d321451da0cc

PODFILE CHECKSUM: 0f44ce8048f2a20f618c0a2ff2a17b79b0a722a4

COCOAPODS: 1.8.4
