PODS:
  - AEPCore (0.0.1):
    - AEPServices
    - SwiftRulesEngine
  - AEPServices (0.0.1)
  - SwiftRulesEngine (0.0.1)

DEPENDENCIES:
  - "AEPCore (from `git@github.com:adobe/aepsdk-core-ios.git`, branch `main`)"
  - "AEPServices (from `git@github.com:adobe/aepsdk-core-ios.git`, branch `main`)"
  - "SwiftRulesEngine (from `git@github.com:adobe/aepsdk-rulesengine-ios.git`, branch `dev`)"

EXTERNAL SOURCES:
  AEPCore:
    :branch: main
    :git: "git@github.com:adobe/aepsdk-core-ios.git"
  AEPServices:
    :branch: main
    :git: "git@github.com:adobe/aepsdk-core-ios.git"
  SwiftRulesEngine:
    :branch: dev
    :git: "git@github.com:adobe/aepsdk-rulesengine-ios.git"

CHECKOUT OPTIONS:
  AEPCore:
    :commit: 83466c3e419e92ccefd44661f8663b604c7726e1
    :git: "git@github.com:adobe/aepsdk-core-ios.git"
  AEPServices:
    :commit: 83466c3e419e92ccefd44661f8663b604c7726e1
    :git: "git@github.com:adobe/aepsdk-core-ios.git"
  SwiftRulesEngine:
    :commit: df4dd8d0112eed11972649ff28b8e07f17125507
    :git: "git@github.com:adobe/aepsdk-rulesengine-ios.git"

SPEC CHECKSUMS:
  AEPCore: 7a49a854b024ebe50f60f4370919304fc48bcf24
  AEPServices: ad642c76cede1c7babb61e6804198ded4317d74f
  SwiftRulesEngine: 5b6727f221618ef9a2c84705d563d321451da0cc

PODFILE CHECKSUM: 937e2cecba717d4689a9a449e209d4aa582b1fb6

COCOAPODS: 1.8.4
